{
  "originHash" : "44d8ca17bc7f4eb1d41dc3a5640c9562a916248d57f8d475d95193a7d4619494",
  "pins" : [
    {
      "identity" : "dns",
      "kind" : "remoteSourceControl",
      "location" : "https://github.com/Bouke/DNS.git",
      "state" : {
        "revision" : "78bbd1589890a90b202d11d5f9e1297050cf0eb2",
        "version" : "1.2.0"
      }
    },
    {
      "identity" : "openvpnadapter",
      "kind" : "remoteSourceControl",
      "location" : "https://github.com/Windscribe/OpenVPNAdapter.git",
      "state" : {
        "branch" : "windscribe",
        "revision" : "106d9b0b2b3ee6119a4d411bc037cad26d006577"
      }
    },
    {
      "identity" : "swift-resolver",
      "kind" : "remoteSourceControl",
      "location" : "https://github.com/seznam/swift-resolver.git",
      "state" : {
        "revision" : "cfb7d326bc4c89a48439303d758b375a8faae784",
        "version" : "0.3.0"
      }
    },
    {
      "identity" : "swift-unisocket",
      "kind" : "remoteSourceControl",
      "location" : "https://github.com/seznam/swift-unisocket",
      "state" : {
        "revision" : "1785e432fb8497265a38712cdb9584c429ca3f96",
        "version" : "0.14.0"
      }
    },
    {
      "identity" : "wireguard-apple",
      "kind" : "remoteSourceControl",
      "location" : "https://github.com/Windscribe/wireguard-apple.git",
      "state" : {
        "revision" : "e073f04da6ce2e41772c03e9d4165074bc328495"
      }
    }
  ],
  "version" : 3
}
