PODS:
  - Alamofire (4.9.1)
  - CocoaLumberjack/Core (3.8.2)
  - CocoaLumberjack/Swift (3.8.2):
    - CocoaLumberjack/Core
  - Differentiator (5.0.0)
  - ExpyTableView (1.1)
  - IQKeyboardManagerSwift (6.5.0)
  - MockingbirdFramework (0.20.0)
  - Realm (10.33.0):
    - Realm/Headers (= 10.33.0)
  - Realm/Headers (10.33.0)
  - RealmSwift (10.33.0):
    - Realm (= 10.33.0)
  - RxBlocking (6.6.0):
    - RxSwift (= 6.6.0)
  - RxCocoa (6.6.0):
    - RxRelay (= 6.6.0)
    - RxSwift (= 6.6.0)
  - RxDataSources (5.0.0):
    - Differentiator (~> 5.0)
    - RxCocoa (~> 6.0)
    - RxSwift (~> 6.0)
  - RxGesture (4.0.4):
    - RxCocoa (~> 6.0)
    - RxSwift (~> 6.0)
  - RxRealm (5.0.4):
    - Realm (~> 10.21)
    - RealmSwift (~> 10.21)
    - RxCocoa (~> 6.1)
    - RxSwift (~> 6.1)
  - RxRelay (6.6.0):
    - RxSwift (= 6.6.0)
  - RxSwift (6.6.0)
  - SimpleKeychain (1.0.1)
  - Swinject (2.8.3)
  - SwipeCellKit (2.5.4)

DEPENDENCIES:
  - Alamofire (~> 4.0)
  - CocoaLumberjack/Swift (= 3.8.2)
  - ExpyTableView (= 1.1)
  - IQKeyboardManagerSwift (= 6.5.0)
  - MockingbirdFramework (~> 0.20)
  - Realm (= 10.33.0)
  - RealmSwift (= 10.33.0)
  - RxBlocking (= 6.6.0)
  - RxCocoa (= 6.6.0)
  - RxDataSources (= 5.0.0)
  - RxGesture (= 4.0.4)
  - RxRealm
  - RxSwift (= 6.6.0)
  - SimpleKeychain (~> 1.0)
  - Swinject
  - SwipeCellKit (= 2.5.4)

SPEC REPOS:
  trunk:
    - Alamofire
    - CocoaLumberjack
    - Differentiator
    - ExpyTableView
    - IQKeyboardManagerSwift
    - MockingbirdFramework
    - Realm
    - RealmSwift
    - RxBlocking
    - RxCocoa
    - RxDataSources
    - RxGesture
    - RxRealm
    - RxRelay
    - RxSwift
    - SimpleKeychain
    - Swinject
    - SwipeCellKit

SPEC CHECKSUMS:
  Alamofire: 85e8a02c69d6020a0d734f6054870d7ecb75cf18
  CocoaLumberjack: f8d89a516e7710fdb2e9b8f1560b16ec6040eef0
  Differentiator: e8497ceab83c1b10ca233716d547b9af21b9344d
  ExpyTableView: 52dde6e141056544c0b8e7b083a840c37ddb6132
  IQKeyboardManagerSwift: 6cd19976c6e871907c4ed9127c2d3affdd4defc2
  MockingbirdFramework: 54e35fbbb47b806c1a1fae2cf3ef99f6eceb55e5
  Realm: d4f810e161fa2c2c589b9860b6eb09238deacd73
  RealmSwift: cef9946f09f2333a8f2ac8bac4f8de52fb9f5ac3
  RxBlocking: fbd1f8501443024f686e556f36dac79b0d5f4d7c
  RxCocoa: 44a80de90e25b739b5aeaae3c8c371a32e3343cc
  RxDataSources: aa47cc1ed6c500fa0dfecac5c979b723542d79cf
  RxGesture: f3efb47ed2d26a8082f7b660d4a59970e275a7f8
  RxRealm: 666c8785327fe2fff972a3093b35dc7055c1ca38
  RxRelay: 45eaa5db8ee4fb50e5ebd57deec0159e97fa51e6
  RxSwift: a4b44f7d24599f674deebd1818eab82e58410632
  SimpleKeychain: 130211269f88f038d7dc5254cf0b1b9ce978c398
  Swinject: 893c9a543000ac2f10ee4cbaf0933c6992c935d5
  SwipeCellKit: 4eada3884ab1bbae5e8d2fb9030c242aa23d7f42

PODFILE CHECKSUM: 1c0a8323199dbb719ea2b4c9acf42b0bbf482033

COCOAPODS: 1.14.3
